{
  "R": {
    "Version": "4.5.2",
    "Repositories": [
      {
        "Name": "CRAN",
        "URL": "https://packagemanager.posit.co/cran/latest"
      }
    ]
  },
  "Packages": {
    "MASS": {
      "Package": "MASS",
      "Version": "7.3-65",
      "Source": "Repository",
      "Priority": "recommended",
      "Date": "2025-02-19",
      "Revision": "$Rev: 3681 $",
      "Depends": [
        "R (>= 4.4.0)",
        "grDevices",
        "graphics",
        "stats",
        "utils"
      ],
      "Imports": [
        "methods"
      ],
      "Suggests": [
        "lattice",
        "nlme",
        "nnet",
        "survival"
      ],
      "Authors@R": "c(person(\"Brian\", \"Ripley\", role = c(\"aut\", \"cre\", \"cph\"), email = \"Brian.Ripley@R-project.org\"), person(\"Bill\", \"Venables\", role = c(\"aut\", \"cph\")), person(c(\"Douglas\", \"M.\"), \"Bates\", role = \"ctb\"), person(\"Kurt\", \"Hornik\", role = \"trl\", comment = \"partial port ca 1998\"), person(\"Albrecht\", \"Gebhardt\", role = \"trl\", comment = \"partial port ca 1998\"), person(\"David\", \"Firth\", role = \"ctb\", comment = \"support functions for polr\"))",
      "Description": "Functions and datasets to support Venables and Ripley, \"Modern Applied Statistics with S\" (4th edition, 2002).",
      "Title": "Support Functions and Datasets for Venables and Ripley's MASS",
      "LazyData": "yes",
      "ByteCompile": "yes",
      "License": "GPL-2 | GPL-3",
      "URL": "http://www.stats.ox.ac.uk/pub/MASS4/",
      "Contact": "<MASS@stats.ox.ac.uk>",
      "NeedsCompilation": "yes",
      "Author": "Brian Ripley [aut, cre, cph], Bill Venables [aut, cph], Douglas M. Bates [ctb], Kurt Hornik [trl] (partial port ca 1998), Albrecht Gebhardt [trl] (partial port ca 1998), David Firth [ctb] (support functions for polr)",
      "Maintainer": "Brian Ripley <Brian.Ripley@R-project.org>",
      "Repository": "CRAN"
    },
    "Matrix": {
      "Package": "Matrix",
      "Version": "1.7-4",
      "Source": "Repository",
      "VersionNote": "do also bump src/version.h, inst/include/Matrix/version.h",
      "Date": "2025-08-27",
      "Priority": "recommended",
      "Title": "Sparse and Dense Matrix Classes and Methods",
      "Description": "A rich hierarchy of sparse and dense matrix classes, including general, symmetric, triangular, and diagonal matrices with numeric, logical, or pattern entries.  Efficient methods for operating on such matrices, often wrapping the 'BLAS', 'LAPACK', and 'SuiteSparse' libraries.",
      "License": "GPL (>= 2) | file LICENCE",
      "URL": "https://Matrix.R-forge.R-project.org",
      "BugReports": "https://R-forge.R-project.org/tracker/?atid=294&group_id=61",
      "Contact": "Matrix-authors@R-project.org",
      "Authors@R": "c(person(\"Douglas\", \"Bates\", role = \"aut\", comment = c(ORCID = \"0000-0001-8316-9503\")), person(\"Martin\", \"Maechler\", role = c(\"aut\", \"cre\"), email = \"mmaechler+Matrix@gmail.com\", comment = c(ORCID = \"0000-0002-8685-9910\")), person(\"Mikael\", \"Jagan\", role = \"aut\", comment = c(ORCID = \"0000-0002-3542-2938\")), person(\"Timothy A.\", \"Davis\", role = \"ctb\", comment = c(ORCID = \"0000-0001-7614-6899\", \"SuiteSparse libraries\", \"collaborators listed in dir(system.file(\\\"doc\\\", \\\"SuiteSparse\\\", package=\\\"Matrix\\\"), pattern=\\\"License\\\", full.names=TRUE, recursive=TRUE)\")), person(\"George\", \"Karypis\", role = \"ctb\", comment = c(ORCID = \"0000-0003-2753-1437\", \"METIS library\", \"Copyright: Regents of the University of Minnesota\")), person(\"Jason\", \"Riedy\", role = \"ctb\", comment = c(ORCID = \"0000-0002-4345-4200\", \"GNU Octave's condest() and onenormest()\", \"Copyright: Regents of the University of California\")), person(\"Jens\", \"Oehlschlägel\", role = \"ctb\", comment = \"initial nearPD()\"), person(\"R Core Team\", role = \"ctb\", comment = c(ROR = \"02zz1nj61\", \"base R's matrix implementation\")))",
      "Depends": [
        "R (>= 4.4)",
        "methods"
      ],
      "Imports": [
        "grDevices",
        "graphics",
        "grid",
        "lattice",
        "stats",
        "utils"
      ],
      "Suggests": [
        "MASS",
        "datasets",
        "sfsmisc",
        "tools"
      ],
      "Enhances": [
        "SparseM",
        "graph"
      ],
      "LazyData": "no",
      "LazyDataNote": "not possible, since we use data/*.R and our S4 classes",
      "BuildResaveData": "no",
      "Encoding": "UTF-8",
      "NeedsCompilation": "yes",
      "Author": "Douglas Bates [aut] (ORCID: <https://orcid.org/0000-0001-8316-9503>), Martin Maechler [aut, cre] (ORCID: <https://orcid.org/0000-0002-8685-9910>), Mikael Jagan [aut] (ORCID: <https://orcid.org/0000-0002-3542-2938>), Timothy A. Davis [ctb] (ORCID: <https://orcid.org/0000-0001-7614-6899>, SuiteSparse libraries, collaborators listed in dir(system.file(\"doc\", \"SuiteSparse\", package=\"Matrix\"), pattern=\"License\", full.names=TRUE, recursive=TRUE)), George Karypis [ctb] (ORCID: <https://orcid.org/0000-0003-2753-1437>, METIS library, Copyright: Regents of the University of Minnesota), Jason Riedy [ctb] (ORCID: <https://orcid.org/0000-0002-4345-4200>, GNU Octave's condest() and onenormest(), Copyright: Regents of the University of California), Jens Oehlschlägel [ctb] (initial nearPD()), R Core Team [ctb] (ROR: <https://ror.org/02zz1nj61>, base R's matrix implementation)",
      "Maintainer": "Martin Maechler <mmaechler+Matrix@gmail.com>",
      "Repository": "CRAN"
    },
    "Rcpp": {
      "Package": "Rcpp",
      "Version": "1.1.2",
      "Source": "Repository",
      "Title": "Seamless R and C++ Integration",
      "Date": "2026-07-01",
      "Authors@R": "c(person(\"Dirk\", \"Eddelbuettel\", role = c(\"aut\", \"cre\"), email = \"edd@debian.org\", comment = c(ORCID = \"0000-0001-6419-907X\")), person(\"Romain\", \"Francois\", role = \"aut\", comment = c(ORCID = \"0000-0002-2444-4226\")), person(\"JJ\", \"Allaire\", role = \"aut\", comment = c(ORCID = \"0000-0003-0174-9868\")), person(\"Kevin\", \"Ushey\", role = \"aut\", comment = c(ORCID = \"0000-0003-2880-7407\")), person(\"Qiang\", \"Kou\", role = \"aut\", comment = c(ORCID = \"0000-0001-6786-5453\")), person(\"Nathan\", \"Russell\", role = \"aut\"), person(\"Iñaki\", \"Ucar\", role = \"aut\", comment = c(ORCID = \"0000-0001-6403-5550\")), person(\"Doug\", \"Bates\", role = \"aut\", comment = c(ORCID = \"0000-0001-8316-9503\")), person(\"John\", \"Chambers\", role = \"aut\"))",
      "Description": "The 'Rcpp' package provides R functions as well as C++ classes which offer a seamless integration of R and C++. Many R data types and objects can be mapped back and forth to C++ equivalents which facilitates both writing of new code as well as easier integration of third-party libraries. Documentation about 'Rcpp' is provided by several vignettes included in this package, via the 'Rcpp Gallery' site at <https://gallery.rcpp.org>, the paper by Eddelbuettel and Francois (2011, <doi:10.18637/jss.v040.i08>), the book by Eddelbuettel (2013, <doi:10.1007/978-1-4614-6868-4>) and the paper by Eddelbuettel and Balamuta (2018, <doi:10.1080/00031305.2017.1375990>); see 'citation(\"Rcpp\")' for details.",
      "Depends": [
        "R (>= 3.5.0)"
      ],
      "Imports": [
        "methods",
        "utils"
      ],
      "Suggests": [
        "tinytest",
        "inline",
        "rbenchmark",
        "pkgKitten (>= 0.1.2)"
      ],
      "URL": "https://www.rcpp.org, https://dirk.eddelbuettel.com/code/rcpp.html, https://github.com/RcppCore/Rcpp",
      "License": "GPL (>= 2)",
      "BugReports": "https://github.com/RcppCore/Rcpp/issues",
      "RoxygenNote": "6.1.1",
      "Encoding": "UTF-8",
      "VignetteBuilder": "Rcpp",
      "NeedsCompilation": "yes",
      "Author": "Dirk Eddelbuettel [aut, cre] (ORCID: <https://orcid.org/0000-0001-6419-907X>), Romain Francois [aut] (ORCID: <https://orcid.org/0000-0002-2444-4226>), JJ Allaire [aut] (ORCID: <https://orcid.org/0000-0003-0174-9868>), Kevin Ushey [aut] (ORCID: <https://orcid.org/0000-0003-2880-7407>), Qiang Kou [aut] (ORCID: <https://orcid.org/0000-0001-6786-5453>), Nathan Russell [aut], Iñaki Ucar [aut] (ORCID: <https://orcid.org/0000-0001-6403-5550>), Doug Bates [aut] (ORCID: <https://orcid.org/0000-0001-8316-9503>), John Chambers [aut]",
      "Maintainer": "Dirk Eddelbuettel <edd@debian.org>",
      "Repository": "CRAN"
    },
    "RcppEigen": {
      "Package": "RcppEigen",
      "Version": "0.3.4.0.2",
      "Source": "Repository",
      "Type": "Package",
      "Title": "'Rcpp' Integration for the 'Eigen' Templated Linear Algebra Library",
      "Date": "2024-08-23",
      "Authors@R": "c(person(\"Doug\", \"Bates\", role = \"aut\", comment = c(ORCID = \"0000-0001-8316-9503\")), person(\"Dirk\", \"Eddelbuettel\", role = c(\"aut\", \"cre\"), email = \"edd@debian.org\", comment = c(ORCID = \"0000-0001-6419-907X\")), person(\"Romain\", \"Francois\", role = \"aut\", comment = c(ORCID = \"0000-0002-2444-4226\")), person(\"Yixuan\", \"Qiu\", role = \"aut\", comment = c(ORCID = \"0000-0003-0109-6692\")), person(\"Authors of\", \"Eigen\", role = \"cph\", comment = \"Authorship and copyright in included Eigen library as detailed in inst/COPYRIGHTS\"))",
      "Copyright": "See the file COPYRIGHTS for various Eigen copyright details",
      "Description": "R and 'Eigen' integration using 'Rcpp'. 'Eigen' is a C++ template library for linear algebra: matrices, vectors, numerical solvers and related algorithms.  It supports dense and sparse matrices on integer, floating point and complex numbers, decompositions of such matrices, and solutions of linear systems. Its performance on many algorithms is comparable with some of the best implementations based on 'Lapack' and level-3 'BLAS'. The 'RcppEigen' package includes the header files from the 'Eigen' C++ template library. Thus users do not need to install 'Eigen' itself in order to use 'RcppEigen'. Since version 3.1.1, 'Eigen' is licensed under the Mozilla Public License (version 2); earlier version were licensed under the GNU LGPL version 3 or later. 'RcppEigen' (the 'Rcpp' bindings/bridge to 'Eigen') is licensed under the GNU GPL version 2 or later, as is the rest of 'Rcpp'.",
      "License": "GPL (>= 2) | file LICENSE",
      "LazyLoad": "yes",
      "Depends": [
        "R (>= 3.6.0)"
      ],
      "LinkingTo": [
        "Rcpp"
      ],
      "Imports": [
        "Rcpp (>= 0.11.0)",
        "stats",
        "utils"
      ],
      "Suggests": [
        "Matrix",
        "inline",
        "tinytest",
        "pkgKitten",
        "microbenchmark"
      ],
      "URL": "https://github.com/RcppCore/RcppEigen, https://dirk.eddelbuettel.com/code/rcpp.eigen.html",
      "BugReports": "https://github.com/RcppCore/RcppEigen/issues",
      "NeedsCompilation": "yes",
      "Author": "Doug Bates [aut] (<https://orcid.org/0000-0001-8316-9503>), Dirk Eddelbuettel [aut, cre] (<https://orcid.org/0000-0001-6419-907X>), Romain Francois [aut] (<https://orcid.org/0000-0002-2444-4226>), Yixuan Qiu [aut] (<https://orcid.org/0000-0003-0109-6692>), Authors of Eigen [cph] (Authorship and copyright in included Eigen library as detailed in inst/COPYRIGHTS)",
      "Maintainer": "Dirk Eddelbuettel <edd@debian.org>",
      "Repository": "CRAN",
      "Encoding": "UTF-8"
    },
    "Rdpack": {
      "Package": "Rdpack",
      "Version": "2.6.6",
      "Source": "Repository",
      "Type": "Package",
      "Title": "Update and Manipulate Rd Documentation Objects",
      "Authors@R": "c( person(given = c(\"Georgi\", \"N.\"), family = \"Boshnakov\",  role = c(\"aut\", \"cre\"),  email = \"georgi.boshnakov@manchester.ac.uk\", comment = c(ORCID = \"0000-0003-2839-346X\")), person(given = \"Duncan\",  family = \"Murdoch\",  role = \"ctb\", email = \"murdoch.duncan@gmail.com\") )",
      "Description": "Functions for manipulation of R documentation objects, including functions reprompt() and ereprompt() for updating 'Rd' documentation for functions, methods and classes; 'Rd' macros for citations and import of references from 'bibtex' files for use in 'Rd' files and 'roxygen2' comments; 'Rd' macros for evaluating and inserting snippets of 'R' code and the results of its evaluation or creating graphics on the fly; and many functions for manipulation of references and Rd files.",
      "URL": "https://geobosh.github.io/Rdpack/ (doc), https://CRAN.R-project.org/package=Rdpack",
      "BugReports": "https://github.com/GeoBosh/Rdpack/issues",
      "Depends": [
        "R (>= 2.15.0)",
        "methods"
      ],
      "Imports": [
        "tools",
        "utils",
        "rbibutils (> 2.4)"
      ],
      "Suggests": [
        "grDevices",
        "testthat",
        "rstudioapi",
        "rprojroot",
        "gbRd"
      ],
      "License": "GPL (>= 2)",
      "LazyLoad": "yes",
      "Encoding": "UTF-8",
      "RoxygenNote": "7.1.1",
      "NeedsCompilation": "no",
      "Author": "Georgi N. Boshnakov [aut, cre] (ORCID: <https://orcid.org/0000-0003-2839-346X>), Duncan Murdoch [ctb]",
      "Maintainer": "Georgi N. Boshnakov <georgi.boshnakov@manchester.ac.uk>",
      "Repository": "CRAN"
    },
    "VCA": {
      "Package": "VCA",
      "Version": "1.5.2",
      "Source": "Repository",
      "Date": "2025-09-05",
      "Title": "Variance Component Analysis",
      "Authors@R": "c(person(\"Andre\", \"Schuetzenmeister\", role = c(\"aut\", \"cre\"), email = \"andre.schuetzenmeister@roche.com\", comment = c(ORCID = \"0000-0002-2964-5502\")), person(\"Florian\", \"Dufey\", role = \"aut\", email = \"florian.dufey@roche.com\", comment = c(ORCID = \"0000-0001-6467-8556\")))",
      "Depends": [
        "R (>= 3.0.0)"
      ],
      "Imports": [
        "stats",
        "graphics",
        "grDevices",
        "lme4",
        "Matrix",
        "methods",
        "numDeriv"
      ],
      "Suggests": [
        "VFP",
        "STB",
        "knitr",
        "rmarkdown",
        "prettydoc",
        "RUnit"
      ],
      "Description": "ANOVA and REML estimation of linear mixed models is implemented, once following Searle et al. (1991, ANOVA for unbalanced data), once making use of the 'lme4' package. The primary objective of this package is to perform a variance component analysis (VCA) according to CLSI EP05-A3 guideline \"Evaluation of Precision of Quantitative Measurement Procedures\" (2014). There are plotting methods for visualization of an experimental design, plotting random effects and residuals. For ANOVA type estimation two methods for computing ANOVA mean squares are implemented (SWEEP and quadratic forms). The covariance matrix of  variance components can be derived, which is used in estimating confidence intervals. Linear hypotheses of fixed effects and LS means can be computed. LS means can be computed at specific values of covariables and with custom weighting schemes for factor variables. See ?VCA for a more comprehensive description of the features.",
      "License": "GPL (>= 3)",
      "VignetteBuilder": "knitr, rmarkdown",
      "RoxygenNote": "7.2.3",
      "NeedsCompilation": "yes",
      "Author": "Andre Schuetzenmeister [aut, cre] (ORCID: <https://orcid.org/0000-0002-2964-5502>), Florian Dufey [aut] (ORCID: <https://orcid.org/0000-0001-6467-8556>)",
      "Maintainer": "Andre Schuetzenmeister <andre.schuetzenmeister@roche.com>",
      "Repository": "CRAN",
      "Encoding": "UTF-8"
    },
    "boot": {
      "Package": "boot",
      "Version": "1.3-32",
      "Source": "Repository",
      "Priority": "recommended",
      "Date": "2025-08-29",
      "Authors@R": "c(person(\"Angelo\", \"Canty\", role = \"aut\", email = \"cantya@mcmaster.ca\",  comment = \"author of original code for S\"), person(\"Brian\", \"Ripley\", role = c(\"aut\", \"trl\"), email = \"Brian.Ripley@R-project.org\", comment = \"conversion to R, maintainer 1999--2022, author of parallel support\"), person(\"Alessandra R.\", \"Brazzale\", role = c(\"ctb\", \"cre\"), email = \"brazzale@stat.unipd.it\", comment = \"minor bug fixes\"))",
      "Maintainer": "Alessandra R. Brazzale <brazzale@stat.unipd.it>",
      "Note": "Maintainers are not available to give advice on using a package they did not author.",
      "Description": "Functions and datasets for bootstrapping from the book \"Bootstrap Methods and Their Application\" by A. C. Davison and  D. V. Hinkley (1997, CUP), originally written by Angelo Canty for S.",
      "Title": "Bootstrap Functions",
      "Depends": [
        "R (>= 3.0.0)",
        "graphics",
        "stats"
      ],
      "Suggests": [
        "MASS",
        "survival"
      ],
      "LazyData": "yes",
      "ByteCompile": "yes",
      "License": "Unlimited",
      "NeedsCompilation": "no",
      "Author": "Angelo Canty [aut] (author of original code for S), Brian Ripley [aut, trl] (conversion to R, maintainer 1999--2022, author of parallel support), Alessandra R. Brazzale [ctb, cre] (minor bug fixes)",
      "Repository": "CRAN"
    },
    "lattice": {
      "Package": "lattice",
      "Version": "0.22-7",
      "Source": "Repository",
      "Date": "2025-03-31",
      "Priority": "recommended",
      "Title": "Trellis Graphics for R",
      "Authors@R": "c(person(\"Deepayan\", \"Sarkar\", role = c(\"aut\", \"cre\"), email = \"deepayan.sarkar@r-project.org\", comment = c(ORCID = \"0000-0003-4107-1553\")), person(\"Felix\", \"Andrews\", role = \"ctb\"), person(\"Kevin\", \"Wright\", role = \"ctb\", comment = \"documentation\"), person(\"Neil\", \"Klepeis\", role = \"ctb\"), person(\"Johan\", \"Larsson\", role = \"ctb\", comment = \"miscellaneous improvements\"), person(\"Zhijian (Jason)\", \"Wen\", role = \"cph\", comment = \"filled contour code\"), person(\"Paul\", \"Murrell\", role = \"ctb\", email = \"paul@stat.auckland.ac.nz\"), person(\"Stefan\", \"Eng\", role = \"ctb\", comment = \"violin plot improvements\"), person(\"Achim\", \"Zeileis\", role = \"ctb\", comment = \"modern colors\"), person(\"Alexandre\", \"Courtiol\", role = \"ctb\", comment = \"generics for larrows, lpolygon, lrect and lsegments\") )",
      "Description": "A powerful and elegant high-level data visualization system inspired by Trellis graphics, with an emphasis on multivariate data. Lattice is sufficient for typical graphics needs, and is also flexible enough to handle most nonstandard requirements. See ?Lattice for an introduction.",
      "Depends": [
        "R (>= 4.0.0)"
      ],
      "Suggests": [
        "KernSmooth",
        "MASS",
        "latticeExtra",
        "colorspace"
      ],
      "Imports": [
        "grid",
        "grDevices",
        "graphics",
        "stats",
        "utils"
      ],
      "Enhances": [
        "chron",
        "zoo"
      ],
      "LazyLoad": "yes",
      "LazyData": "yes",
      "License": "GPL (>= 2)",
      "URL": "https://lattice.r-forge.r-project.org/",
      "BugReports": "https://github.com/deepayan/lattice/issues",
      "NeedsCompilation": "yes",
      "Author": "Deepayan Sarkar [aut, cre] (<https://orcid.org/0000-0003-4107-1553>), Felix Andrews [ctb], Kevin Wright [ctb] (documentation), Neil Klepeis [ctb], Johan Larsson [ctb] (miscellaneous improvements), Zhijian (Jason) Wen [cph] (filled contour code), Paul Murrell [ctb], Stefan Eng [ctb] (violin plot improvements), Achim Zeileis [ctb] (modern colors), Alexandre Courtiol [ctb] (generics for larrows, lpolygon, lrect and lsegments)",
      "Maintainer": "Deepayan Sarkar <deepayan.sarkar@r-project.org>",
      "Repository": "CRAN"
    },
    "lme4": {
      "Package": "lme4",
      "Version": "2.0-6",
      "Source": "Repository",
      "Title": "Linear Mixed-Effects Models using 'Eigen' and S4",
      "Authors@R": "c(person(\"Douglas\", \"Bates\", role = \"aut\", comment = c(ORCID = \"0000-0001-8316-9503\")), person(\"Martin\", \"Maechler\", role = \"aut\", comment = c(ORCID = \"0000-0002-8685-9910\")), person(\"Ben\", \"Bolker\", role = c(\"cre\", \"aut\"), email = \"bbolker+lme4@gmail.com\", comment = c(ORCID = \"0000-0002-2127-0443\")), person(\"Steven\", \"Walker\", role = \"aut\", comment = c(ORCID = \"0000-0002-4394-9078\")), person(\"Anna\", \"Ly\", role = \"aut\", comment = c(ORCID = \"0000-0002-0210-0342\")), person(\"Mikael\", \"Jagan\", role = \"aut\", comment = c(ORCID = \"0000-0002-3542-2938\")), person(\"Rune Haubo Bojesen\", \"Christensen\", role = \"ctb\", comment = c(ORCID = \"0000-0002-4494-3399\")), person(\"Henrik\", \"Singmann\", role = \"ctb\", comment = c(ORCID = \"0000-0002-4842-3657\")), person(\"Bin\", \"Dai\", role = \"ctb\"), person(\"Fabian\", \"Scheipl\", role = \"ctb\", comment = c(ORCID = \"0000-0001-8172-3603\")), person(\"Gabor\", \"Grothendieck\", role = \"ctb\"), person(\"Peter\", \"Green\", role = \"ctb\", comment = c(ORCID = \"0000-0002-0238-9852\")), person(\"John\", \"Fox\", role = \"ctb\"), person(\"Alexander\", \"Bauer\", role = \"ctb\"), person(\"Pavel N.\", \"Krivitsky\", role = c(\"ctb\", \"cph\"), comment = c(ORCID = \"0000-0002-9101-3362\", \"shared copyright on simulate.formula\")), person(\"Emi\", \"Tanaka\", role = \"ctb\", comment = c(ORCID = \"0000-0002-1455-259X\")), person(\"Ross D.\", \"Boylan\", role = \"ctb\", comment = c(ORCID = \"0009-0003-4123-8090\")), person(\"Henrik\", \"Bengtsson\", role = \"ctb\", comment = c(ORCID = \"0000-0002-9280-4430\")))",
      "Description": "Fit linear and generalized linear mixed-effects models.  The models and their components are represented using S4 classes and methods.  The core computational algorithms are implemented using the 'Eigen' C++ library for numerical linear algebra and 'RcppEigen' \"glue\".",
      "Depends": [
        "R (>= 3.6)",
        "Matrix",
        "methods",
        "stats"
      ],
      "LinkingTo": [
        "Matrix (>= 1.5-0)",
        "Rcpp (>= 1.1.1-1.1)",
        "RcppEigen (>= 0.3.3.9.4)"
      ],
      "Imports": [
        "MASS",
        "Rdpack",
        "boot",
        "graphics",
        "grid",
        "lattice",
        "minqa (>= 1.1.15)",
        "nlme (>= 3.1-123)",
        "nloptr (>= 1.0.4)",
        "parallel",
        "reformulas (>= 0.4.3.1)",
        "splines",
        "utils"
      ],
      "Suggests": [
        "DHARMa",
        "HSAUR3",
        "MEMSS",
        "car",
        "dfoptim",
        "future.apply",
        "gamm4",
        "ggplot2",
        "glmmTMB",
        "gridExtra",
        "knitr",
        "merDeriv",
        "mgcv",
        "mlmRev",
        "numDeriv",
        "optimx (>= 2013.8.6)",
        "pbkrtest",
        "performance",
        "rmarkdown",
        "rr2",
        "see",
        "semEff",
        "statmod",
        "testthat (>= 0.8.1)",
        "tibble"
      ],
      "RdMacros": "Rdpack",
      "VignetteBuilder": "knitr",
      "LazyData": "yes",
      "License": "GPL (>= 2)",
      "URL": "https://github.com/lme4/lme4/",
      "BugReports": "https://github.com/lme4/lme4/issues",
      "Encoding": "UTF-8",
      "NeedsCompilation": "yes",
      "Author": "Douglas Bates [aut] (ORCID: <https://orcid.org/0000-0001-8316-9503>), Martin Maechler [aut] (ORCID: <https://orcid.org/0000-0002-8685-9910>), Ben Bolker [cre, aut] (ORCID: <https://orcid.org/0000-0002-2127-0443>), Steven Walker [aut] (ORCID: <https://orcid.org/0000-0002-4394-9078>), Anna Ly [aut] (ORCID: <https://orcid.org/0000-0002-0210-0342>), Mikael Jagan [aut] (ORCID: <https://orcid.org/0000-0002-3542-2938>), Rune Haubo Bojesen Christensen [ctb] (ORCID: <https://orcid.org/0000-0002-4494-3399>), Henrik Singmann [ctb] (ORCID: <https://orcid.org/0000-0002-4842-3657>), Bin Dai [ctb], Fabian Scheipl [ctb] (ORCID: <https://orcid.org/0000-0001-8172-3603>), Gabor Grothendieck [ctb], Peter Green [ctb] (ORCID: <https://orcid.org/0000-0002-0238-9852>), John Fox [ctb], Alexander Bauer [ctb], Pavel N. Krivitsky [ctb, cph] (ORCID: <https://orcid.org/0000-0002-9101-3362>, shared copyright on simulate.formula), Emi Tanaka [ctb] (ORCID: <https://orcid.org/0000-0002-1455-259X>), Ross D. Boylan [ctb] (ORCID: <https://orcid.org/0009-0003-4123-8090>), Henrik Bengtsson [ctb] (ORCID: <https://orcid.org/0000-0002-9280-4430>)",
      "Maintainer": "Ben Bolker <bbolker+lme4@gmail.com>",
      "Repository": "CRAN"
    },
    "minqa": {
      "Package": "minqa",
      "Version": "1.2.8",
      "Source": "Repository",
      "Type": "Package",
      "Title": "Derivative-Free Optimization Algorithms by Quadratic Approximation",
      "Authors@R": "c(person(given = \"Douglas\", family = \"Bates\", role = \"aut\"), person(given = c(\"Katharine\", \"M.\"), family = \"Mullen\", role = c(\"aut\", \"cre\"), email = \"katharine.mullen@stat.ucla.edu\"), person(given = c(\"John\", \"C.\"), family = \"Nash\", role = \"aut\"), person(given = \"Ravi\", family = \"Varadhan\", role = \"aut\"))",
      "Maintainer": "Katharine M. Mullen <katharine.mullen@stat.ucla.edu>",
      "Description": "Derivative-free optimization by quadratic approximation based on an interface to Fortran implementations by M. J. D. Powell.",
      "License": "GPL-2",
      "URL": "http://optimizer.r-forge.r-project.org",
      "Imports": [
        "Rcpp (>= 0.9.10)"
      ],
      "LinkingTo": [
        "Rcpp"
      ],
      "SystemRequirements": "GNU make",
      "NeedsCompilation": "yes",
      "Repository": "CRAN",
      "Author": "Douglas Bates [aut], Katharine M. Mullen [aut, cre], John C. Nash [aut], Ravi Varadhan [aut]",
      "Encoding": "UTF-8"
    },
    "nlme": {
      "Package": "nlme",
      "Version": "3.1-168",
      "Source": "Repository",
      "Date": "2025-03-31",
      "Priority": "recommended",
      "Title": "Linear and Nonlinear Mixed Effects Models",
      "Authors@R": "c(person(\"José\", \"Pinheiro\", role = \"aut\", comment = \"S version\"), person(\"Douglas\", \"Bates\", role = \"aut\", comment = \"up to 2007\"), person(\"Saikat\", \"DebRoy\", role = \"ctb\", comment = \"up to 2002\"), person(\"Deepayan\", \"Sarkar\", role = \"ctb\", comment = \"up to 2005\"), person(\"EISPACK authors\", role = \"ctb\", comment = \"src/rs.f\"), person(\"Siem\", \"Heisterkamp\", role = \"ctb\", comment = \"Author fixed sigma\"), person(\"Bert\", \"Van Willigen\",role = \"ctb\", comment = \"Programmer fixed sigma\"), person(\"Johannes\", \"Ranke\", role = \"ctb\", comment = \"varConstProp()\"), person(\"R Core Team\", email = \"R-core@R-project.org\", role = c(\"aut\", \"cre\"), comment = c(ROR = \"02zz1nj61\")))",
      "Contact": "see 'MailingList'",
      "Description": "Fit and compare Gaussian linear and nonlinear mixed-effects models.",
      "Depends": [
        "R (>= 3.6.0)"
      ],
      "Imports": [
        "graphics",
        "stats",
        "utils",
        "lattice"
      ],
      "Suggests": [
        "MASS",
        "SASmixed"
      ],
      "LazyData": "yes",
      "Encoding": "UTF-8",
      "License": "GPL (>= 2)",
      "BugReports": "https://bugs.r-project.org",
      "MailingList": "R-help@r-project.org",
      "URL": "https://svn.r-project.org/R-packages/trunk/nlme/",
      "NeedsCompilation": "yes",
      "Author": "José Pinheiro [aut] (S version), Douglas Bates [aut] (up to 2007), Saikat DebRoy [ctb] (up to 2002), Deepayan Sarkar [ctb] (up to 2005), EISPACK authors [ctb] (src/rs.f), Siem Heisterkamp [ctb] (Author fixed sigma), Bert Van Willigen [ctb] (Programmer fixed sigma), Johannes Ranke [ctb] (varConstProp()), R Core Team [aut, cre] (02zz1nj61)",
      "Maintainer": "R Core Team <R-core@R-project.org>",
      "Repository": "CRAN"
    },
    "nloptr": {
      "Package": "nloptr",
      "Version": "2.2.1",
      "Source": "Repository",
      "Type": "Package",
      "Title": "R Interface to NLopt",
      "Authors@R": "c(person(\"Jelmer\", \"Ypma\", role = \"aut\", email = \"uctpjyy@ucl.ac.uk\"), person(c(\"Steven\", \"G.\"), \"Johnson\", role = \"aut\", comment = \"author of the NLopt C library\"), person(\"Aymeric\", \"Stamm\", role = c(\"ctb\", \"cre\"), email = \"aymeric.stamm@cnrs.fr\", comment = c(ORCID = \"0000-0002-8725-3654\")), person(c(\"Hans\", \"W.\"), \"Borchers\", role = \"ctb\", email = \"hwborchers@googlemail.com\"), person(\"Dirk\", \"Eddelbuettel\", role = \"ctb\", email = \"edd@debian.org\"), person(\"Brian\", \"Ripley\", role = \"ctb\", comment = \"build process on multiple OS\"), person(\"Kurt\", \"Hornik\", role = \"ctb\", comment = \"build process on multiple OS\"), person(\"Julien\", \"Chiquet\", role = \"ctb\"), person(\"Avraham\", \"Adler\", role = \"ctb\",  email = \"Avraham.Adler@gmail.com\", comment = c(ORCID = \"0000-0002-3039-0703\")), person(\"Xiongtao\", \"Dai\", role = \"ctb\"), person(\"Jeroen\", \"Ooms\", role = \"ctb\", email = \"jeroen@berkeley.edu\"), person(\"Tomas\", \"Kalibera\", role = \"ctb\"), person(\"Mikael\", \"Jagan\", role = \"ctb\"))",
      "Description": "Solve optimization problems using an R interface to NLopt. NLopt is a  free/open-source library for nonlinear optimization, providing a common interface for a number of different free optimization routines available online as well as original implementations of various other algorithms. See <https://nlopt.readthedocs.io/en/latest/NLopt_Algorithms/> for more information on the available algorithms. Building from included sources  requires 'CMake'. On Linux and 'macOS', if a suitable system build of  NLopt (2.7.0 or later) is found, it is used; otherwise, it is built  from included sources via 'CMake'. On Windows, NLopt is obtained through  'rwinlib' for 'R <= 4.1.x' or grabbed from the appropriate toolchain for 'R >= 4.2.0'.",
      "License": "LGPL (>= 3)",
      "SystemRequirements": "cmake (>= 3.2.0) which is used only on Linux or macOS systems when no system build of nlopt (>= 2.7.0) can be found.",
      "Encoding": "UTF-8",
      "RoxygenNote": "7.3.2",
      "Suggests": [
        "knitr",
        "rmarkdown",
        "covr",
        "tinytest"
      ],
      "VignetteBuilder": "knitr",
      "URL": "https://github.com/astamm/nloptr, https://astamm.github.io/nloptr/",
      "BugReports": "https://github.com/astamm/nloptr/issues",
      "NeedsCompilation": "yes",
      "UseLTO": "yes",
      "Author": "Jelmer Ypma [aut], Steven G. Johnson [aut] (author of the NLopt C library), Aymeric Stamm [ctb, cre] (<https://orcid.org/0000-0002-8725-3654>), Hans W. Borchers [ctb], Dirk Eddelbuettel [ctb], Brian Ripley [ctb] (build process on multiple OS), Kurt Hornik [ctb] (build process on multiple OS), Julien Chiquet [ctb], Avraham Adler [ctb] (<https://orcid.org/0000-0002-3039-0703>), Xiongtao Dai [ctb], Jeroen Ooms [ctb], Tomas Kalibera [ctb], Mikael Jagan [ctb]",
      "Maintainer": "Aymeric Stamm <aymeric.stamm@cnrs.fr>",
      "Repository": "CRAN"
    },
    "numDeriv": {
      "Package": "numDeriv",
      "Version": "2016.8-1.1",
      "Source": "Repository",
      "Title": "Accurate Numerical Derivatives",
      "Description": "Methods for calculating (usually) accurate numerical first and second order derivatives. Accurate calculations  are done using 'Richardson''s' extrapolation or, when applicable, a complex step derivative is available. A simple difference  method is also provided. Simple difference is (usually) less accurate but is much quicker than 'Richardson''s' extrapolation and provides a  useful cross-check.  Methods are provided for real scalar and vector valued functions.",
      "Depends": [
        "R (>= 2.11.1)"
      ],
      "LazyLoad": "yes",
      "ByteCompile": "yes",
      "License": "GPL-2",
      "Copyright": "2006-2011, Bank of Canada. 2012-2016, Paul Gilbert",
      "Author": "Paul Gilbert and Ravi Varadhan",
      "Maintainer": "Paul Gilbert <pgilbert.ttv9z@ncf.ca>",
      "URL": "http://optimizer.r-forge.r-project.org/",
      "NeedsCompilation": "no",
      "Repository": "CRAN",
      "Encoding": "UTF-8"
    },
    "rbibutils": {
      "Package": "rbibutils",
      "Version": "2.4.1",
      "Source": "Repository",
      "Type": "Package",
      "Title": "Read 'Bibtex' Files and Convert Between Bibliography Formats",
      "Authors@R": "c( person(given = c(\"Georgi\", \"N.\"), family = \"Boshnakov\",  role = c(\"aut\", \"cre\"), \t email = \"georgi.boshnakov@manchester.ac.uk\", comment = c(ORCID = \"0000-0003-2839-346X\", \"R port, R code, new C code and modifications to bibutils' C code, conversion to Bibentry (R and C code)\") ), person(given = \"Chris\", family = \"Putman\", role = \"aut\", comment = \"src/*, author of the bibutils libraries, https://sourceforge.net/projects/bibutils/\"), person(given = \"Richard\", family = \"Mathar\", role = \"ctb\", comment = \"src/addsout.c\"), person(given = \"Johannes\", family = \"Wilm\", role = \"ctb\", comment = \"src/biblatexin.c, src/bltypes.c\"), person(\"R Core Team\", role = \"ctb\", comment = \"base R's bibentry and bibstyle implementation\") )",
      "Description": "Read and write 'Bibtex' files. Convert between bibliography formats, including 'Bibtex', 'Biblatex', 'PubMed', 'Endnote', and 'Bibentry'.  Includes a port of the 'bibutils' utilities by Chris Putnam <https://sourceforge.net/projects/bibutils/>. Supports all bibliography formats and character encodings implemented in 'bibutils'.",
      "License": "GPL-2",
      "URL": "https://geobosh.github.io/rbibutils/ (doc), https://CRAN.R-project.org/package=rbibutils",
      "BugReports": "https://github.com/GeoBosh/rbibutils/issues",
      "Depends": [
        "R (>= 2.10)"
      ],
      "Imports": [
        "utils",
        "tools"
      ],
      "Suggests": [
        "testthat"
      ],
      "Encoding": "UTF-8",
      "NeedsCompilation": "yes",
      "Config/Needs/memcheck": "devtools, rcmdcheck",
      "Author": "Georgi N. Boshnakov [aut, cre] (ORCID: <https://orcid.org/0000-0003-2839-346X>, R port, R code, new C code and modifications to bibutils' C code, conversion to Bibentry (R and C code)), Chris Putman [aut] (src/*, author of the bibutils libraries, https://sourceforge.net/projects/bibutils/), Richard Mathar [ctb] (src/addsout.c), Johannes Wilm [ctb] (src/biblatexin.c, src/bltypes.c), R Core Team [ctb] (base R's bibentry and bibstyle implementation)",
      "Maintainer": "Georgi N. Boshnakov <georgi.boshnakov@manchester.ac.uk>",
      "Repository": "CRAN"
    },
    "reformulas": {
      "Package": "reformulas",
      "Version": "0.4.4",
      "Source": "Repository",
      "Title": "Machinery for Processing Random Effect Formulas",
      "Authors@R": "c( person(given = \"Ben\", family = \"Bolker\", role = c(\"aut\", \"cre\"), email = \"bolker@mcmaster.ca\", comment=c(ORCID=\"0000-0002-2127-0443\")), person(\"Anna\", \"Ly\", role = \"ctb\", comment = c(ORCID = \"0000-0002-0210-0342\")) )",
      "Description": "Takes formulas including random-effects components (formatted as in 'lme4', 'glmmTMB', etc.) and processes them. Includes various helper functions.",
      "URL": "https://github.com/bbolker/reformulas",
      "License": "GPL-3",
      "Encoding": "UTF-8",
      "Imports": [
        "stats",
        "methods",
        "Matrix",
        "Rdpack"
      ],
      "RdMacros": "Rdpack",
      "Suggests": [
        "lme4",
        "tinytest",
        "glmmTMB",
        "Formula"
      ],
      "RoxygenNote": "7.3.3",
      "Config/testthat/edition": "3",
      "NeedsCompilation": "no",
      "Author": "Ben Bolker [aut, cre] (ORCID: <https://orcid.org/0000-0002-2127-0443>), Anna Ly [ctb] (ORCID: <https://orcid.org/0000-0002-0210-0342>)",
      "Maintainer": "Ben Bolker <bolker@mcmaster.ca>",
      "Repository": "CRAN"
    },
    "renv": {
      "Package": "renv",
      "Version": "1.2.4",
      "Source": "Repository",
      "Type": "Package",
      "Title": "Project Environments",
      "Authors@R": "c( person(\"Kevin\", \"Ushey\", role = c(\"aut\", \"cre\"), email = \"kevin@rstudio.com\", comment = c(ORCID = \"0000-0003-2880-7407\")), person(\"Hadley\", \"Wickham\", role = c(\"aut\"), email = \"hadley@rstudio.com\", comment = c(ORCID = \"0000-0003-4757-117X\")), person(\"Posit Software, PBC\", role = c(\"cph\", \"fnd\")) )",
      "Description": "A dependency management toolkit for R. Using 'renv', you can create and manage project-local R libraries, save the state of these libraries to a 'lockfile', and later restore your library as required. Together, these tools can help make your projects more isolated, portable, and reproducible.",
      "License": "MIT + file LICENSE",
      "URL": "https://rstudio.github.io/renv/, https://github.com/rstudio/renv",
      "BugReports": "https://github.com/rstudio/renv/issues",
      "Imports": [
        "utils"
      ],
      "Suggests": [
        "BiocManager",
        "cli",
        "compiler",
        "covr",
        "cpp11",
        "curl",
        "devtools",
        "generics",
        "gitcreds",
        "jsonlite",
        "jsonvalidate",
        "knitr",
        "miniUI",
        "modules",
        "packrat",
        "pak",
        "R6",
        "remotes",
        "reticulate",
        "rmarkdown",
        "rstudioapi",
        "shiny",
        "testthat",
        "uuid",
        "waldo",
        "yaml",
        "webfakes"
      ],
      "Encoding": "UTF-8",
      "VignetteBuilder": "knitr",
      "Config/Needs/website": "tidyverse/tidytemplate",
      "Config/testthat/edition": "3",
      "Config/testthat/parallel": "true",
      "Config/testthat/start-first": "bioconductor,python,install,restore,snapshot,retrieve,remotes",
      "Config/roxygen2/version": "8.0.0",
      "NeedsCompilation": "no",
      "Author": "Kevin Ushey [aut, cre] (ORCID: <https://orcid.org/0000-0003-2880-7407>), Hadley Wickham [aut] (ORCID: <https://orcid.org/0000-0003-4757-117X>), Posit Software, PBC [cph, fnd]",
      "Maintainer": "Kevin Ushey <kevin@rstudio.com>",
      "Repository": "RSPM"
    }
  }
}
