
Microsoft Visual Studio Solution File, Format Version 10.00
# Visual Studio 2008
Project("{FAE04EC0-301F-11D3-BF4B-00C04F79EFBC}") = "ProjectSSQ", "ProjectSSQ\ProjectSSQ.csproj", "{53408ABF-B487-4934-B555-79B98CFB916A}"
EndProject
Project("{FAE04EC0-301F-11D3-BF4B-00C04F79EFBC}") = "ProjectMathCalcGT", "..\ProjectMathCalcGT\ProjectMathCalcGT\ProjectMathCalcGT.csproj", "{B39DD8FB-BDF0-4301-8049-0E5919BED85D}"
EndProject
Project("{FAE04EC0-301F-11D3-BF4B-00C04F79EFBC}") = "MultiFacetData", "..\MultiFacetData\MultiFacetData\MultiFacetData.csproj", "{8C6489E8-6857-4471-8E4B-512D3FA545E5}"
EndProject
Global
	GlobalSection(SolutionConfigurationPlatforms) = preSolution
		Debug|Any CPU = Debug|Any CPU
		Release|Any CPU = Release|Any CPU
	EndGlobalSection
	GlobalSection(ProjectConfigurationPlatforms) = postSolution
		{53408ABF-B487-4934-B555-79B98CFB916A}.Debug|Any CPU.ActiveCfg = Debug|Any CPU
		{53408ABF-B487-4934-B555-79B98CFB916A}.Debug|Any CPU.Build.0 = Debug|Any CPU
		{53408ABF-B487-4934-B555-79B98CFB916A}.Release|Any CPU.ActiveCfg = Release|Any CPU
		{53408ABF-B487-4934-B555-79B98CFB916A}.Release|Any CPU.Build.0 = Release|Any CPU
		{B39DD8FB-BDF0-4301-8049-0E5919BED85D}.Debug|Any CPU.ActiveCfg = Debug|Any CPU
		{B39DD8FB-BDF0-4301-8049-0E5919BED85D}.Debug|Any CPU.Build.0 = Debug|Any CPU
		{B39DD8FB-BDF0-4301-8049-0E5919BED85D}.Release|Any CPU.ActiveCfg = Release|Any CPU
		{B39DD8FB-BDF0-4301-8049-0E5919BED85D}.Release|Any CPU.Build.0 = Release|Any CPU
		{8C6489E8-6857-4471-8E4B-512D3FA545E5}.Debug|Any CPU.ActiveCfg = Debug|Any CPU
		{8C6489E8-6857-4471-8E4B-512D3FA545E5}.Debug|Any CPU.Build.0 = Debug|Any CPU
		{8C6489E8-6857-4471-8E4B-512D3FA545E5}.Release|Any CPU.ActiveCfg = Release|Any CPU
		{8C6489E8-6857-4471-8E4B-512D3FA545E5}.Release|Any CPU.Build.0 = Release|Any CPU
	EndGlobalSection
	GlobalSection(SolutionProperties) = preSolution
		HideSolutionNode = FALSE
	EndGlobalSection
EndGlobal
