
Microsoft Visual Studio Solution File, Format Version 10.00
# Visual Studio 2008
Project("{FAE04EC0-301F-11D3-BF4B-00C04F79EFBC}") = "ConfigCFG", "ConfigCFG\ConfigCFG.csproj", "{8C4E1D74-BA63-4952-BECA-A0196466556C}"
EndProject
Project("{FAE04EC0-301F-11D3-BF4B-00C04F79EFBC}") = "TransLibrary", "..\TransLibrary\TransLibrary\TransLibrary.csproj", "{B01A400A-72DB-4A94-81B2-FEE2CAEC3DC0}"
EndProject
Global
	GlobalSection(SolutionConfigurationPlatforms) = preSolution
		Debug|Any CPU = Debug|Any CPU
		Release|Any CPU = Release|Any CPU
	EndGlobalSection
	GlobalSection(ProjectConfigurationPlatforms) = postSolution
		{8C4E1D74-BA63-4952-BECA-A0196466556C}.Debug|Any CPU.ActiveCfg = Debug|Any CPU
		{8C4E1D74-BA63-4952-BECA-A0196466556C}.Debug|Any CPU.Build.0 = Debug|Any CPU
		{8C4E1D74-BA63-4952-BECA-A0196466556C}.Release|Any CPU.ActiveCfg = Release|Any CPU
		{8C4E1D74-BA63-4952-BECA-A0196466556C}.Release|Any CPU.Build.0 = Release|Any CPU
		{B01A400A-72DB-4A94-81B2-FEE2CAEC3DC0}.Debug|Any CPU.ActiveCfg = Debug|Any CPU
		{B01A400A-72DB-4A94-81B2-FEE2CAEC3DC0}.Debug|Any CPU.Build.0 = Debug|Any CPU
		{B01A400A-72DB-4A94-81B2-FEE2CAEC3DC0}.Release|Any CPU.ActiveCfg = Release|Any CPU
		{B01A400A-72DB-4A94-81B2-FEE2CAEC3DC0}.Release|Any CPU.Build.0 = Release|Any CPU
	EndGlobalSection
	GlobalSection(SolutionProperties) = preSolution
		HideSolutionNode = FALSE
	EndGlobalSection
EndGlobal
