
Microsoft Visual Studio Solution File, Format Version 10.00
# Visual Studio 2008
Project("{FAE04EC0-301F-11D3-BF4B-00C04F79EFBC}") = "ProjectMeansPY", "ProjectMeansPY\ProjectMeansPY.csproj", "{20186204-8F2A-4227-8B75-A2F68A375329}"
EndProject
Project("{FAE04EC0-301F-11D3-BF4B-00C04F79EFBC}") = "ProjectMeans", "..\ProjectMeans\ProjectMeans\ProjectMeans.csproj", "{355660B0-86ED-4846-BFBB-0DCA87391E5A}"
EndProject
Project("{FAE04EC0-301F-11D3-BF4B-00C04F79EFBC}") = "MultiFacetData", "..\MultiFacetData\MultiFacetData\MultiFacetData.csproj", "{8C6489E8-6857-4471-8E4B-512D3FA545E5}"
EndProject
Global
	GlobalSection(SolutionConfigurationPlatforms) = preSolution
		Debug|Any CPU = Debug|Any CPU
		Release|Any CPU = Release|Any CPU
	EndGlobalSection
	GlobalSection(ProjectConfigurationPlatforms) = postSolution
		{20186204-8F2A-4227-8B75-A2F68A375329}.Debug|Any CPU.ActiveCfg = Debug|Any CPU
		{20186204-8F2A-4227-8B75-A2F68A375329}.Debug|Any CPU.Build.0 = Debug|Any CPU
		{20186204-8F2A-4227-8B75-A2F68A375329}.Release|Any CPU.ActiveCfg = Release|Any CPU
		{20186204-8F2A-4227-8B75-A2F68A375329}.Release|Any CPU.Build.0 = Release|Any CPU
		{355660B0-86ED-4846-BFBB-0DCA87391E5A}.Debug|Any CPU.ActiveCfg = Debug|Any CPU
		{355660B0-86ED-4846-BFBB-0DCA87391E5A}.Debug|Any CPU.Build.0 = Debug|Any CPU
		{355660B0-86ED-4846-BFBB-0DCA87391E5A}.Release|Any CPU.ActiveCfg = Release|Any CPU
		{355660B0-86ED-4846-BFBB-0DCA87391E5A}.Release|Any CPU.Build.0 = Release|Any CPU
		{8C6489E8-6857-4471-8E4B-512D3FA545E5}.Debug|Any CPU.ActiveCfg = Debug|Any CPU
		{8C6489E8-6857-4471-8E4B-512D3FA545E5}.Debug|Any CPU.Build.0 = Debug|Any CPU
		{8C6489E8-6857-4471-8E4B-512D3FA545E5}.Release|Any CPU.ActiveCfg = Release|Any CPU
		{8C6489E8-6857-4471-8E4B-512D3FA545E5}.Release|Any CPU.Build.0 = Release|Any CPU
	EndGlobalSection
	GlobalSection(SolutionProperties) = preSolution
		HideSolutionNode = FALSE
	EndGlobalSection
EndGlobal
